// !$*UTF8*$!
{
	archiveVersion = 1;
	classes = {
	};
	objectVersion = 46;
	objects = {

/* Begin PBXBuildFile section */
		C23AC7AF1EE5EE83009AE82A /* Main.storyboard in Resources */ = {isa = PBXBuildFile; fileRef = C23AC7AD1EE5EE83009AE82A /* Main.storyboard */; };
		C23AC7B41EE5EE83009AE82A /* LaunchScreen.storyboard in Resources */ = {isa = PBXBuildFile; fileRef = C23AC7B21EE5EE83009AE82A /* LaunchScreen.storyboard */; };
		C23AC7C11EE5EEEA009AE82A /* AppDelegate.swift in Sources */ = {isa = PBXBuildFile; fileRef = C23AC7BC1EE5EEE9009AE82A /* AppDelegate.swift */; };
		C23AC7C21EE5EEEA009AE82A /* ViewController.swift in Sources */ = {isa = PBXBuildFile; fileRef = C23AC7BD1EE5EEE9009AE82A /* ViewController.swift */; };
		C23AC7C31EE5EEEA009AE82A /* Assets.xcassets in Resources */ = {isa = PBXBuildFile; fileRef = C23AC7BF1EE5EEE9009AE82A /* Assets.xcassets */; };
		C23AC7C41EE5EEEA009AE82A /* Info.plist in Resources */ = {isa = PBXBuildFile; fileRef = C23AC7C01EE5EEE9009AE82A /* Info.plist */; };
		C23AC7C71EE5F0F9009AE82A /* AlertViewController.xib in Resources */ = {isa = PBXBuildFile; fileRef = C23AC7C61EE5F0F9009AE82A /* AlertViewController.xib */; };
		C23AC7C91EE5F107009AE82A /* AlertViewController.swift in Sources */ = {isa = PBXBuildFile; fileRef = C23AC7C81EE5F107009AE82A /* AlertViewController.swift */; };
		C23AC7CB1EE5F125009AE82A /* MaterialButton.swift in Sources */ = {isa = PBXBuildFile; fileRef = C23AC7CA1EE5F125009AE82A /* MaterialButton.swift */; };
/* End PBXBuildFile section */

/* Begin PBXFileReference section */
		C23AC7A61EE5EE83009AE82A /* GRNAlertView.app */ = {isa = PBXFileReference; explicitFileType = wrapper.application; includeInIndex = 0; path = GRNAlertView.app; sourceTree = BUILT_PRODUCTS_DIR; };
		C23AC7AE1EE5EE83009AE82A /* Base */ = {isa = PBXFileReference; lastKnownFileType = file.storyboard; name = Base; path = Base.lproj/Main.storyboard; sourceTree = "<group>"; };
		C23AC7B31EE5EE83009AE82A /* Base */ = {isa = PBXFileReference; lastKnownFileType = file.storyboard; name = Base; path = Base.lproj/LaunchScreen.storyboard; sourceTree = "<group>"; };
		C23AC7BC1EE5EEE9009AE82A /* AppDelegate.swift */ = {isa = PBXFileReference; fileEncoding = 4; lastKnownFileType = sourcecode.swift; path = AppDelegate.swift; sourceTree = "<group>"; };
		C23AC7BD1EE5EEE9009AE82A /* ViewController.swift */ = {isa = PBXFileReference; fileEncoding = 4; lastKnownFileType = sourcecode.swift; path = ViewController.swift; sourceTree = "<group>"; };
		C23AC7BF1EE5EEE9009AE82A /* Assets.xcassets */ = {isa = PBXFileReference; lastKnownFileType = folder.assetcatalog; path = Assets.xcassets; sourceTree = "<group>"; };
		C23AC7C01EE5EEE9009AE82A /* Info.plist */ = {isa = PBXFileReference; fileEncoding = 4; lastKnownFileType = text.plist.xml; path = Info.plist; sourceTree = "<group>"; };
		C23AC7C61EE5F0F9009AE82A /* AlertViewController.xib */ = {isa = PBXFileReference; fileEncoding = 4; lastKnownFileType = file.xib; path = AlertViewController.xib; sourceTree = "<group>"; };
		C23AC7C81EE5F107009AE82A /* AlertViewController.swift */ = {isa = PBXFileReference; fileEncoding = 4; lastKnownFileType = sourcecode.swift; path = AlertViewController.swift; sourceTree = "<group>"; };
		C23AC7CA1EE5F125009AE82A /* MaterialButton.swift */ = {isa = PBXFileReference; fileEncoding = 4; lastKnownFileType = sourcecode.swift; path = MaterialButton.swift; sourceTree = "<group>"; };
/* End PBXFileReference section */

/* Begin PBXFrameworksBuildPhase section */
		C23AC7A31EE5EE83009AE82A /* Frameworks */ = {
			isa = PBXFrameworksBuildPhase;
			buildActionMask = 2147483647;
			files = (
			);
			runOnlyForDeploymentPostprocessing = 0;
		};
/* End PBXFrameworksBuildPhase section */

/* Begin PBXGroup section */
		C23AC79D1EE5EE83009AE82A = {
			isa = PBXGroup;
			children = (
				C23AC7A81EE5EE83009AE82A /* GRNAlertView */,
				C23AC7A71EE5EE83009AE82A /* Products */,
			);
			sourceTree = "<group>";
		};
		C23AC7A71EE5EE83009AE82A /* Products */ = {
			isa = PBXGroup;
			children = (
				C23AC7A61EE5EE83009AE82A /* GRNAlertView.app */,
			);
			name = Products;
			sourceTree = "<group>";
		};
		C23AC7A81EE5EE83009AE82A /* GRNAlertView */ = {
			isa = PBXGroup;
			children = (
				C23AC7BB1EE5EEE9009AE82A /* Code */,
				C23AC7BE1EE5EEE9009AE82A /* Resources */,
			);
			path = GRNAlertView;
			sourceTree = "<group>";
		};
		C23AC7BB1EE5EEE9009AE82A /* Code */ = {
			isa = PBXGroup;
			children = (
				C23AC7BC1EE5EEE9009AE82A /* AppDelegate.swift */,
				C23AC7BD1EE5EEE9009AE82A /* ViewController.swift */,
				C23AC7C51EE5F0D3009AE82A /* GRNAlertView */,
			);
			path = Code;
			sourceTree = "<group>";
		};
		C23AC7BE1EE5EEE9009AE82A /* Resources */ = {
			isa = PBXGroup;
			children = (
				C23AC7AD1EE5EE83009AE82A /* Main.storyboard */,
				C23AC7B21EE5EE83009AE82A /* LaunchScreen.storyboard */,
				C23AC7BF1EE5EEE9009AE82A /* Assets.xcassets */,
				C23AC7C01EE5EEE9009AE82A /* Info.plist */,
			);
			path = Resources;
			sourceTree = "<group>";
		};
		C23AC7C51EE5F0D3009AE82A /* GRNAlertView */ = {
			isa = PBXGroup;
			children = (
				C23AC7C61EE5F0F9009AE82A /* AlertViewController.xib */,
				C23AC7C81EE5F107009AE82A /* AlertViewController.swift */,
				C23AC7CA1EE5F125009AE82A /* MaterialButton.swift */,
			);
			path = GRNAlertView;
			sourceTree = "<group>";
		};
/* End PBXGroup section */

/* Begin PBXNativeTarget section */
		C23AC7A51EE5EE83009AE82A /* GRNAlertView */ = {
			isa = PBXNativeTarget;
			buildConfigurationList = C23AC7B81EE5EE83009AE82A /* Build configuration list for PBXNativeTarget "GRNAlertView" */;
			buildPhases = (
				C23AC7A21EE5EE83009AE82A /* Sources */,
				C23AC7A31EE5EE83009AE82A /* Frameworks */,
				C23AC7A41EE5EE83009AE82A /* Resources */,
			);
			buildRules = (
			);
			dependencies = (
			);
			name = GRNAlertView;
			productName = GRNAlertView;
			productReference = C23AC7A61EE5EE83009AE82A /* GRNAlertView.app */;
			productType = "com.apple.product-type.application";
		};
/* End PBXNativeTarget section */

/* Begin PBXProject section */
		C23AC79E1EE5EE83009AE82A /* Project object */ = {
			isa = PBXProject;
			attributes = {
				LastSwiftUpdateCheck = 0830;
				LastUpgradeCheck = 0830;
				ORGANIZATIONNAME = Guarana;
				TargetAttributes = {
					C23AC7A51EE5EE83009AE82A = {
						CreatedOnToolsVersion = 8.3.2;
						ProvisioningStyle = Automatic;
					};
				};
			};
			buildConfigurationList = C23AC7A11EE5EE83009AE82A /* Build configuration list for PBXProject "GRNAlertView" */;
			compatibilityVersion = "Xcode 3.2";
			developmentRegion = English;
			hasScannedForEncodings = 0;
			knownRegions = (
				en,
				Base,
			);
			mainGroup = C23AC79D1EE5EE83009AE82A;
			productRefGroup = C23AC7A71EE5EE83009AE82A /* Products */;
			projectDirPath = "";
			projectRoot = "";
			targets = (
				C23AC7A51EE5EE83009AE82A /* GRNAlertView */,
			);
		};
/* End PBXProject section */

/* Begin PBXResourcesBuildPhase section */
		C23AC7A41EE5EE83009AE82A /* Resources */ = {
			isa = PBXResourcesBuildPhase;
			buildActionMask = 2147483647;
			files = (
				C23AC7C41EE5EEEA009AE82A /* Info.plist in Resources */,
				C23AC7C71EE5F0F9009AE82A /* AlertViewController.xib in Resources */,
				C23AC7B41EE5EE83009AE82A /* LaunchScreen.storyboard in Resources */,
				C23AC7C31EE5EEEA009AE82A /* Assets.xcassets in Resources */,
				C23AC7AF1EE5EE83009AE82A /* Main.storyboard in Resources */,
			);
			runOnlyForDeploymentPostprocessing = 0;
		};
/* End PBXResourcesBuildPhase section */

/* Begin PBXSourcesBuildPhase section */
		C23AC7A21EE5EE83009AE82A /* Sources */ = {
			isa = PBXSourcesBuildPhase;
			buildActionMask = 2147483647;
			files = (
				C23AC7C21EE5EEEA009AE82A /* ViewController.swift in Sources */,
				C23AC7C91EE5F107009AE82A /* AlertViewController.swift in Sources */,
				C23AC7CB1EE5F125009AE82A /* MaterialButton.swift in Sources */,
				C23AC7C11EE5EEEA009AE82A /* AppDelegate.swift in Sources */,
			);
			runOnlyForDeploymentPostprocessing = 0;
		};
/* End PBXSourcesBuildPhase section */

/* Begin PBXVariantGroup section */
		C23AC7AD1EE5EE83009AE82A /* Main.storyboard */ = {
			isa = PBXVariantGroup;
			children = (
				C23AC7AE1EE5EE83009AE82A /* Base */,
			);
			name = Main.storyboard;
			path = ..;
			sourceTree = "<group>";
		};
		C23AC7B21EE5EE83009AE82A /* LaunchScreen.storyboard */ = {
			isa = PBXVariantGroup;
			children = (
				C23AC7B31EE5EE83009AE82A /* Base */,
			);
			name = LaunchScreen.storyboard;
			path = ..;
			sourceTree = "<group>";
		};
/* End PBXVariantGroup section */

/* Begin XCBuildConfiguration section */
		C23AC7B61EE5EE83009AE82A /* Debug */ = {
			isa = XCBuildConfiguration;
			buildSettings = {
				ALWAYS_SEARCH_USER_PATHS = NO;
				CLANG_ANALYZER_NONNULL = YES;
				CLANG_ANALYZER_NUMBER_OBJECT_CONVERSION = YES_AGGRESSIVE;
				CLANG_CXX_LANGUAGE_STANDARD = "gnu++0x";
				CLANG_CXX_LIBRARY = "libc++";
				CLANG_ENABLE_MODULES = YES;
				CLANG_ENABLE_OBJC_ARC = YES;
				CLANG_WARN_BOOL_CONVERSION = YES;
				CLANG_WARN_CONSTANT_CONVERSION = YES;
				CLANG_WARN_DIRECT_OBJC_ISA_USAGE = YES_ERROR;
				CLANG_WARN_DOCUMENTATION_COMMENTS = YES;
				CLANG_WARN_EMPTY_BODY = YES;
				CLANG_WARN_ENUM_CONVERSION = YES;
				CLANG_WARN_INFINITE_RECURSION = YES;
				CLANG_WARN_INT_CONVERSION = YES;
				CLANG_WARN_OBJC_ROOT_CLASS = YES_ERROR;
				CLANG_WARN_SUSPICIOUS_MOVE = YES;
				CLANG_WARN_UNREACHABLE_CODE = YES;
				CLANG_WARN__DUPLICATE_METHOD_MATCH = YES;
				"CODE_SIGN_IDENTITY[sdk=iphoneos*]" = "iPhone Developer";
				COPY_PHASE_STRIP = NO;
				DEBUG_INFORMATION_FORMAT = dwarf;
				ENABLE_STRICT_OBJC_MSGSEND = YES;
				ENABLE_TESTABILITY = YES;
				GCC_C_LANGUAGE_STANDARD = gnu99;
				GCC_DYNAMIC_NO_PIC = NO;
				GCC_NO_COMMON_BLOCKS = YES;
				GCC_OPTIMIZATION_LEVEL = 0;
				GCC_PREPROCESSOR_DEFINITIONS = (
					"DEBUG=1",
					"$(inherited)",
				);
				GCC_WARN_64_TO_32_BIT_CONVERSION = YES;
				GCC_WARN_ABOUT_RETURN_TYPE = YES_ERROR;
				GCC_WARN_UNDECLARED_SELECTOR = YES;
				GCC_WARN_UNINITIALIZED_AUTOS = YES_AGGRESSIVE;
				GCC_WARN_UNUSED_FUNCTION = YES;
				GCC_WARN_UNUSED_VARIABLE = YES;
				IPHONEOS_DEPLOYMENT_TARGET = 10.3;
				MTL_ENABLE_DEBUG_INFO = YES;
				ONLY_ACTIVE_ARCH = YES;
				SDKROOT = iphoneos;
				SWIFT_ACTIVE_COMPILATION_CONDITIONS = DEBUG;
				SWIFT_OPTIMIZATION_LEVEL = "-Onone";
				TARGETED_DEVICE_FAMILY = "1,2";
			};
			name = Debug;
		};
		C23AC7B71EE5EE83009AE82A /* Release */ = {
			isa = XCBuildConfiguration;
			buildSettings = {
				ALWAYS_SEARCH_USER_PATHS = NO;
				CLANG_ANALYZER_NONNULL = YES;
				CLANG_ANALYZER_NUMBER_OBJECT_CONVERSION = YES_AGGRESSIVE;
				CLANG_CXX_LANGUAGE_STANDARD = "gnu++0x";
				CLANG_CXX_LIBRARY = "libc++";
				CLANG_ENABLE_MODULES = YES;
				CLANG_ENABLE_OBJC_ARC = YES;
				CLANG_WARN_BOOL_CONVERSION = YES;
				CLANG_WARN_CONSTANT_CONVERSION = YES;
				CLANG_WARN_DIRECT_OBJC_ISA_USAGE = YES_ERROR;
				CLANG_WARN_DOCUMENTATION_COMMENTS = YES;
				CLANG_WARN_EMPTY_BODY = YES;
				CLANG_WARN_ENUM_CONVERSION = YES;
				CLANG_WARN_INFINITE_RECURSION = YES;
				CLANG_WARN_INT_CONVERSION = YES;
				CLANG_WARN_OBJC_ROOT_CLASS = YES_ERROR;
				CLANG_WARN_SUSPICIOUS_MOVE = YES;
				CLANG_WARN_UNREACHABLE_CODE = YES;
				CLANG_WARN__DUPLICATE_METHOD_MATCH = YES;
				"CODE_SIGN_IDENTITY[sdk=iphoneos*]" = "iPhone Developer";
				COPY_PHASE_STRIP = NO;
				DEBUG_INFORMATION_FORMAT = "dwarf-with-dsym";
				ENABLE_NS_ASSERTIONS = NO;
				ENABLE_STRICT_OBJC_MSGSEND = YES;
				GCC_C_LANGUAGE_STANDARD = gnu99;
				GCC_NO_COMMON_BLOCKS = YES;
				GCC_WARN_64_TO_32_BIT_CONVERSION = YES;
				GCC_WARN_ABOUT_RETURN_TYPE = YES_ERROR;
				GCC_WARN_UNDECLARED_SELECTOR = YES;
				GCC_WARN_UNINITIALIZED_AUTOS = YES_AGGRESSIVE;
				GCC_WARN_UNUSED_FUNCTION = YES;
				GCC_WARN_UNUSED_VARIABLE = YES;
				IPHONEOS_DEPLOYMENT_TARGET = 10.3;
				MTL_ENABLE_DEBUG_INFO = NO;
				SDKROOT = iphoneos;
				SWIFT_OPTIMIZATION_LEVEL = "-Owholemodule";
				TARGETED_DEVICE_FAMILY = "1,2";
				VALIDATE_PRODUCT = YES;
			};
			name = Release;
		};
		C23AC7B91EE5EE83009AE82A /* Debug */ = {
			isa = XCBuildConfiguration;
			buildSettings = {
				ASSETCATALOG_COMPILER_APPICON_NAME = AppIcon;
				INFOPLIST_FILE = "$(SRCROOT)/GRNAlertView/Resources/Info.plist";
				LD_RUNPATH_SEARCH_PATHS = "$(inherited) @executable_path/Frameworks";
				PRODUCT_BUNDLE_IDENTIFIER = io.guarana.GRNAlertView;
				PRODUCT_NAME = "$(TARGET_NAME)";
				SWIFT_VERSION = 3.0;
			};
			name = Debug;
		};
		C23AC7BA1EE5EE83009AE82A /* Release */ = {
			isa = XCBuildConfiguration;
			buildSettings = {
				ASSETCATALOG_COMPILER_APPICON_NAME = AppIcon;
				INFOPLIST_FILE = "$(SRCROOT)/GRNAlertView/Resources/Info.plist";
				LD_RUNPATH_SEARCH_PATHS = "$(inherited) @executable_path/Frameworks";
				PRODUCT_BUNDLE_IDENTIFIER = io.guarana.GRNAlertView;
				PRODUCT_NAME = "$(TARGET_NAME)";
				SWIFT_VERSION = 3.0;
			};
			name = Release;
		};
/* End XCBuildConfiguration section */

/* Begin XCConfigurationList section */
		C23AC7A11EE5EE83009AE82A /* Build configuration list for PBXProject "GRNAlertView" */ = {
			isa = XCConfigurationList;
			buildConfigurations = (
				C23AC7B61EE5EE83009AE82A /* Debug */,
				C23AC7B71EE5EE83009AE82A /* Release */,
			);
			defaultConfigurationIsVisible = 0;
			defaultConfigurationName = Release;
		};
		C23AC7B81EE5EE83009AE82A /* Build configuration list for PBXNativeTarget "GRNAlertView" */ = {
			isa = XCConfigurationList;
			buildConfigurations = (
				C23AC7B91EE5EE83009AE82A /* Debug */,
				C23AC7BA1EE5EE83009AE82A /* Release */,
			);
			defaultConfigurationIsVisible = 0;
		};
/* End XCConfigurationList section */
	};
	rootObject = C23AC79E1EE5EE83009AE82A /* Project object */;
}
